
<<<<<<< HEAD
Microsoft Visual Studio Solution File, Format Version 11.00
# Visual Studio 2010
Project("{FAE04EC0-301F-11D3-BF4B-00C04F79EFBC}") = "The Runner", "Assembly-CSharp.csproj", "{8B7D529A-E003-AF3F-9545-83C83F0CF255}"
=======
Microsoft Visual Studio Solution File, Format Version 12.00
# Visual Studio for Mac
Project("{FAE04EC0-301F-11D3-BF4B-00C04F79EFBC}") = "The Runner", "The Runner.csproj", "{9F0B79FB-B7CD-CFEB-3CE7-A0B42FC5AAD7}"
>>>>>>> e35ce0e6db1955c1cbb38645c1290a088299251a
EndProject
Global
	GlobalSection(SolutionConfigurationPlatforms) = preSolution
		Debug|Any CPU = Debug|Any CPU
		Release|Any CPU = Release|Any CPU
	EndGlobalSection
	GlobalSection(ProjectConfigurationPlatforms) = postSolution
		{8B7D529A-E003-AF3F-9545-83C83F0CF255}.Debug|Any CPU.ActiveCfg = Debug|Any CPU
		{8B7D529A-E003-AF3F-9545-83C83F0CF255}.Debug|Any CPU.Build.0 = Debug|Any CPU
		{8B7D529A-E003-AF3F-9545-83C83F0CF255}.Release|Any CPU.ActiveCfg = Release|Any CPU
		{8B7D529A-E003-AF3F-9545-83C83F0CF255}.Release|Any CPU.Build.0 = Release|Any CPU
	EndGlobalSection
	GlobalSection(SolutionProperties) = preSolution
		HideSolutionNode = FALSE
	EndGlobalSection
	GlobalSection(MonoDevelopProperties) = preSolution
		StartupItem = Assembly-CSharp.csproj
	EndGlobalSection
EndGlobal
